
Microsoft Visual Studio Solution File, Format Version 12.00
# Visual Studio Version 17
VisualStudioVersion = 17.5.002.0
MinimumVisualStudioVersion = 10.0.40219.1
Project("{9A19103F-16F7-4668-BE54-9A1E7A4F7556}") = "DesafioPOO", "DesafioPOO.csproj", "{04363B08-DDF1-450C-8FEC-9CEEC6260D59}"
EndProject
Global
	GlobalSection(SolutionConfigurationPlatforms) = preSolution
		Debug|Any CPU = Debug|Any CPU
		Release|Any CPU = Release|Any CPU
	EndGlobalSection
	GlobalSection(ProjectConfigurationPlatforms) = postSolution
		{04363B08-DDF1-450C-8FEC-9CEEC6260D59}.Debug|Any CPU.ActiveCfg = Debug|Any CPU
		{04363B08-DDF1-450C-8FEC-9CEEC6260D59}.Debug|Any CPU.Build.0 = Debug|Any CPU
		{04363B08-DDF1-450C-8FEC-9CEEC6260D59}.Release|Any CPU.ActiveCfg = Release|Any CPU
		{04363B08-DDF1-450C-8FEC-9CEEC6260D59}.Release|Any CPU.Build.0 = Release|Any CPU
	EndGlobalSection
	GlobalSection(SolutionProperties) = preSolution
		HideSolutionNode = FALSE
	EndGlobalSection
	GlobalSection(ExtensibilityGlobals) = postSolution
		SolutionGuid = {F04B9696-085B-4477-852D-0E835FF03795}
	EndGlobalSection
EndGlobal
